
Microsoft Visual Studio Solution File, Format Version 12.00
# Visual Studio Version 16
VisualStudioVersion = 16.0.29209.62
MinimumVisualStudioVersion = 10.0.40219.1
Project("{FAE04EC0-301F-11D3-BF4B-00C04F79EFBC}") = "ConsoleClient", "ConsoleClient\ConsoleClient.csproj", "{7EA30C04-BB46-4521-BB21-A6C20D1EFCF0}"
EndProject
Project("{FAE04EC0-301F-11D3-BF4B-00C04F79EFBC}") = "BusinessObjects", "BusinessObjects\BusinessObjects.csproj", "{29AAFCDD-0156-4ADE-9A91-2586D8A00D1A}"
EndProject
Project("{FAE04EC0-301F-11D3-BF4B-00C04F79EFBC}") = "DataObjects", "DataObjects\DataObjects.csproj", "{B1C7E6A9-BA90-4110-817A-28394962F39D}"
EndProject
Global
	GlobalSection(SolutionConfigurationPlatforms) = preSolution
		Debug|Any CPU = Debug|Any CPU
		Release|Any CPU = Release|Any CPU
	EndGlobalSection
	GlobalSection(ProjectConfigurationPlatforms) = postSolution
		{7EA30C04-BB46-4521-BB21-A6C20D1EFCF0}.Debug|Any CPU.ActiveCfg = Debug|Any CPU
		{7EA30C04-BB46-4521-BB21-A6C20D1EFCF0}.Debug|Any CPU.Build.0 = Debug|Any CPU
		{7EA30C04-BB46-4521-BB21-A6C20D1EFCF0}.Release|Any CPU.ActiveCfg = Release|Any CPU
		{7EA30C04-BB46-4521-BB21-A6C20D1EFCF0}.Release|Any CPU.Build.0 = Release|Any CPU
		{29AAFCDD-0156-4ADE-9A91-2586D8A00D1A}.Debug|Any CPU.ActiveCfg = Debug|Any CPU
		{29AAFCDD-0156-4ADE-9A91-2586D8A00D1A}.Debug|Any CPU.Build.0 = Debug|Any CPU
		{29AAFCDD-0156-4ADE-9A91-2586D8A00D1A}.Release|Any CPU.ActiveCfg = Release|Any CPU
		{29AAFCDD-0156-4ADE-9A91-2586D8A00D1A}.Release|Any CPU.Build.0 = Release|Any CPU
		{B1C7E6A9-BA90-4110-817A-28394962F39D}.Debug|Any CPU.ActiveCfg = Debug|Any CPU
		{B1C7E6A9-BA90-4110-817A-28394962F39D}.Debug|Any CPU.Build.0 = Debug|Any CPU
		{B1C7E6A9-BA90-4110-817A-28394962F39D}.Release|Any CPU.ActiveCfg = Release|Any CPU
		{B1C7E6A9-BA90-4110-817A-28394962F39D}.Release|Any CPU.Build.0 = Release|Any CPU
	EndGlobalSection
	GlobalSection(SolutionProperties) = preSolution
		HideSolutionNode = FALSE
	EndGlobalSection
	GlobalSection(ExtensibilityGlobals) = postSolution
		SolutionGuid = {6E932FA0-5759-4B6D-A065-D5A929534D74}
	EndGlobalSection
EndGlobal
